{
  "version": 4,
  "terraform_version": "1.14.2",
  "serial": 21,
  "lineage": "d3409ea1-4c87-d7ea-e3ce-0a6c7897179a",
  "outputs": {
    "app1_ip": {
      "value": "51.250.3.215",
      "type": "string"
    },
    "app2_ip": {
      "value": "158.160.59.68",
      "type": "string"
    },
    "load_balancer_ip": {
      "value": [
        "84.201.180.72"
      ],
      "type": [
        "list",
        "string"
      ]
    }
  },
  "resources": [
    {
      "mode": "data",
      "type": "yandex_compute_image",
      "name": "ubuntu",
      "provider": "provider[\"registry.terraform.io/yandex-cloud/yandex\"]",
      "instances": [
        {
          "schema_version": 0,
          "attributes": {
            "created_at": "2025-12-15T11:15:13Z",
            "description": "Ubuntu 22.04 lts v20251205031010",
            "family": "ubuntu-2204-lts",
            "folder_id": "standard-images",
            "hardware_generation": [
              {
                "generation2_features": [],
                "legacy_features": [
                  {
                    "pci_topology": "PCI_TOPOLOGY_V2"
                  }
                ]
              }
            ],
            "id": "fd8oik3g61qm14kcklca",
            "image_id": "fd8oik3g61qm14kcklca",
            "kms_key_id": null,
            "labels": {
              "version": "20251205031010",
              "x-hopper-operation-id": "d9p4ouufsdf0cm2c96vg",
              "x-hopper-source-image-id": "fd8f61qgh2cp4qs22njd"
            },
            "min_disk_size": 8,
            "name": "ubuntu-22-04-lts-v20251215",
            "os_type": "linux",
            "pooled": true,
            "product_ids": [
              "f2et8pvm9l1g7bmnvg3h"
            ],
            "size": 2,
            "status": "ready"
          },
          "sensitive_attributes": [],
          "identity_schema_version": 0
        }
      ]
    },
    {
      "mode": "managed",
      "type": "yandex_compute_instance",
      "name": "app1",
      "provider": "provider[\"registry.terraform.io/yandex-cloud/yandex\"]",
      "instances": [
        {
          "schema_version": 1,
          "attributes": {
            "allow_recreate": null,
            "allow_stopping_for_update": null,
            "boot_disk": [
              {
                "auto_delete": true,
                "device_name": "fhmssrv804h0hmci227m",
                "disk_id": "fhmssrv804h0hmci227m",
                "initialize_params": [
                  {
                    "block_size": 4096,
                    "description": "",
                    "image_id": "fd8oik3g61qm14kcklca",
                    "kms_key_id": "",
                    "name": "",
                    "size": 10,
                    "snapshot_id": "",
                    "type": "network-hdd"
                  }
                ],
                "mode": "READ_WRITE"
              }
            ],
            "created_at": "2025-12-17T00:49:53Z",
            "description": "",
            "filesystem": [],
            "folder_id": "b1gce1db088f5cdfhkht",
            "fqdn": "fhm172rccq2fae9h361p.auto.internal",
            "gpu_cluster_id": "",
            "hardware_generation": [
              {
                "generation2_features": [],
                "legacy_features": [
                  {
                    "pci_topology": "PCI_TOPOLOGY_V2"
                  }
                ]
              }
            ],
            "hostname": "",
            "id": "fhm172rccq2fae9h361p",
            "labels": null,
            "local_disk": [],
            "maintenance_grace_period": "",
            "maintenance_policy": null,
            "metadata": {
              "ssh-keys": "ubuntu:ssh-rsa AAAAB3NzaC1yc2EAAAADAQABAAABAQC0z/OIRbGg95Bnc3q3w5W+uW+GK5HfxBJYAynVPhlhlJnS38TD3A3A6tlaIBB05dzWAI8rnC7O8+nYavuBovdke4u89FzFoPvCdaboBu6f1zztuZrzZG1lN8j42mwg2FAoBugU23ocPiNcZMxpI4Ztn0NbJNsb0cn5DhQuxzooEWQDGy9LsiGZ4jk6n1c8JVC7GY9BmHvoVmi/JxnC5GctKa8vzgTkebpIw7dWCoxkr05rW7MPuFw7CABm4gdMj50j/Fwgffg0BMDlQdfD1avGslu+MXJTOJpe/7b+1xCpz6ve1I6BkjEWbETwtS8j5A/Xcl34ZBj/GspvKW7Dl4eT"
            },
            "metadata_options": [
              {
                "aws_v1_http_endpoint": 1,
                "aws_v1_http_token": 2,
                "gce_http_endpoint": 1,
                "gce_http_token": 1
              }
            ],
            "name": "app1",
            "network_acceleration_type": "standard",
            "network_interface": [
              {
                "dns_record": [],
                "index": 0,
                "ip_address": "10.0.0.12",
                "ipv4": true,
                "ipv6": false,
                "ipv6_address": "",
                "ipv6_dns_record": [],
                "mac_address": "d0:0d:13:8b:6c:66",
                "nat": true,
                "nat_dns_record": [],
                "nat_ip_address": "51.250.3.215",
                "nat_ip_version": "IPV4",
                "security_group_ids": [
                  "enpprmhsm4ebjlpt7h6r"
                ],
                "subnet_id": "e9bf06191vhmv84ffu79"
              }
            ],
            "placement_policy": [
              {
                "host_affinity_rules": [],
                "placement_group_id": "",
                "placement_group_partition": 0
              }
            ],
            "platform_id": "standard-v3",
            "resources": [
              {
                "core_fraction": 100,
                "cores": 2,
                "gpus": 0,
                "memory": 2
              }
            ],
            "scheduling_policy": [
              {
                "preemptible": false
              }
            ],
            "secondary_disk": [],
            "service_account_id": "",
            "status": "running",
            "timeouts": null,
            "zone": "ru-central1-a"
          },
          "sensitive_attributes": [],
          "identity_schema_version": 0,
          "private": "eyJlMmJmYjczMC1lY2FhLTExZTYtOGY4OC0zNDM2M2JjN2M0YzAiOnsiY3JlYXRlIjozMDAwMDAwMDAwMDAsImRlbGV0ZSI6MzAwMDAwMDAwMDAwLCJ1cGRhdGUiOjMwMDAwMDAwMDAwMH0sInNjaGVtYV92ZXJzaW9uIjoiMSJ9",
          "dependencies": [
            "data.yandex_compute_image.ubuntu",
            "yandex_vpc_network.net",
            "yandex_vpc_security_group.sg",
            "yandex_vpc_subnet.subnet_public"
          ]
        }
      ]
    },
    {
      "mode": "managed",
      "type": "yandex_compute_instance",
      "name": "app2",
      "provider": "provider[\"registry.terraform.io/yandex-cloud/yandex\"]",
      "instances": [
        {
          "schema_version": 1,
          "attributes": {
            "allow_recreate": null,
            "allow_stopping_for_update": null,
            "boot_disk": [
              {
                "auto_delete": true,
                "device_name": "fhm90nkqqp9mqicmal14",
                "disk_id": "fhm90nkqqp9mqicmal14",
                "initialize_params": [
                  {
                    "block_size": 4096,
                    "description": "",
                    "image_id": "fd8oik3g61qm14kcklca",
                    "kms_key_id": "",
                    "name": "",
                    "size": 10,
                    "snapshot_id": "",
                    "type": "network-hdd"
                  }
                ],
                "mode": "READ_WRITE"
              }
            ],
            "created_at": "2025-12-17T00:49:53Z",
            "description": "",
            "filesystem": [],
            "folder_id": "b1gce1db088f5cdfhkht",
            "fqdn": "fhmv1936hfhl9o7oppj1.auto.internal",
            "gpu_cluster_id": "",
            "hardware_generation": [
              {
                "generation2_features": [],
                "legacy_features": [
                  {
                    "pci_topology": "PCI_TOPOLOGY_V2"
                  }
                ]
              }
            ],
            "hostname": "",
            "id": "fhmv1936hfhl9o7oppj1",
            "labels": null,
            "local_disk": [],
            "maintenance_grace_period": "",
            "maintenance_policy": null,
            "metadata": {
              "ssh-keys": "ubuntu:ssh-rsa AAAAB3NzaC1yc2EAAAADAQABAAABAQC0z/OIRbGg95Bnc3q3w5W+uW+GK5HfxBJYAynVPhlhlJnS38TD3A3A6tlaIBB05dzWAI8rnC7O8+nYavuBovdke4u89FzFoPvCdaboBu6f1zztuZrzZG1lN8j42mwg2FAoBugU23ocPiNcZMxpI4Ztn0NbJNsb0cn5DhQuxzooEWQDGy9LsiGZ4jk6n1c8JVC7GY9BmHvoVmi/JxnC5GctKa8vzgTkebpIw7dWCoxkr05rW7MPuFw7CABm4gdMj50j/Fwgffg0BMDlQdfD1avGslu+MXJTOJpe/7b+1xCpz6ve1I6BkjEWbETwtS8j5A/Xcl34ZBj/GspvKW7Dl4eT"
            },
            "metadata_options": [
              {
                "aws_v1_http_endpoint": 1,
                "aws_v1_http_token": 2,
                "gce_http_endpoint": 1,
                "gce_http_token": 1
              }
            ],
            "name": "app2",
            "network_acceleration_type": "standard",
            "network_interface": [
              {
                "dns_record": [],
                "index": 0,
                "ip_address": "10.0.0.13",
                "ipv4": true,
                "ipv6": false,
                "ipv6_address": "",
                "ipv6_dns_record": [],
                "mac_address": "d0:0d:1f:0a:46:68",
                "nat": true,
                "nat_dns_record": [],
                "nat_ip_address": "158.160.59.68",
                "nat_ip_version": "IPV4",
                "security_group_ids": [
                  "enpprmhsm4ebjlpt7h6r"
                ],
                "subnet_id": "e9bf06191vhmv84ffu79"
              }
            ],
            "placement_policy": [
              {
                "host_affinity_rules": [],
                "placement_group_id": "",
                "placement_group_partition": 0
              }
            ],
            "platform_id": "standard-v3",
            "resources": [
              {
                "core_fraction": 100,
                "cores": 2,
                "gpus": 0,
                "memory": 2
              }
            ],
            "scheduling_policy": [
              {
                "preemptible": false
              }
            ],
            "secondary_disk": [],
            "service_account_id": "",
            "status": "running",
            "timeouts": null,
            "zone": "ru-central1-a"
          },
          "sensitive_attributes": [],
          "identity_schema_version": 0,
          "private": "eyJlMmJmYjczMC1lY2FhLTExZTYtOGY4OC0zNDM2M2JjN2M0YzAiOnsiY3JlYXRlIjozMDAwMDAwMDAwMDAsImRlbGV0ZSI6MzAwMDAwMDAwMDAwLCJ1cGRhdGUiOjMwMDAwMDAwMDAwMH0sInNjaGVtYV92ZXJzaW9uIjoiMSJ9",
          "dependencies": [
            "data.yandex_compute_image.ubuntu",
            "yandex_vpc_network.net",
            "yandex_vpc_security_group.sg",
            "yandex_vpc_subnet.subnet_public"
          ]
        }
      ]
    },
    {
      "mode": "managed",
      "type": "yandex_lb_network_load_balancer",
      "name": "react_lb",
      "provider": "provider[\"registry.terraform.io/yandex-cloud/yandex\"]",
      "instances": [
        {
          "schema_version": 0,
          "attributes": {
            "allow_zonal_shift": false,
            "attached_target_group": [
              {
                "healthcheck": [
                  {
                    "healthy_threshold": 2,
                    "http_options": [],
                    "interval": 5,
                    "name": "tcp-health",
                    "tcp_options": [
                      {
                        "port": 3000
                      }
                    ],
                    "timeout": 2,
                    "unhealthy_threshold": 2
                  }
                ],
                "target_group_id": "enp6bt2d2olbvdst618d"
              }
            ],
            "created_at": "2025-12-17T00:50:35Z",
            "deletion_protection": false,
            "description": "",
            "folder_id": "b1gce1db088f5cdfhkht",
            "id": "enp3f5tf1r3lpm8hqb5g",
            "labels": null,
            "listener": [
              {
                "external_address_spec": [
                  {
                    "address": "84.201.180.72",
                    "ip_version": "ipv4"
                  }
                ],
                "internal_address_spec": [],
                "name": "http-listener",
                "port": 80,
                "protocol": "tcp",
                "target_port": 80
              }
            ],
            "name": "react-load-balancer",
            "region_id": "ru-central1",
            "timeouts": null,
            "type": "external"
          },
          "sensitive_attributes": [],
          "identity_schema_version": 0,
          "private": "eyJlMmJmYjczMC1lY2FhLTExZTYtOGY4OC0zNDM2M2JjN2M0YzAiOnsiY3JlYXRlIjozMDAwMDAwMDAwMDAsImRlbGV0ZSI6MzAwMDAwMDAwMDAwLCJ1cGRhdGUiOjMwMDAwMDAwMDAwMH19",
          "dependencies": [
            "data.yandex_compute_image.ubuntu",
            "yandex_compute_instance.app1",
            "yandex_compute_instance.app2",
            "yandex_lb_target_group.react_tg",
            "yandex_vpc_network.net",
            "yandex_vpc_security_group.sg",
            "yandex_vpc_subnet.subnet_public"
          ]
        }
      ]
    },
    {
      "mode": "managed",
      "type": "yandex_lb_target_group",
      "name": "react_tg",
      "provider": "provider[\"registry.terraform.io/yandex-cloud/yandex\"]",
      "instances": [
        {
          "schema_version": 1,
          "attributes": {
            "created_at": "2025-12-17T00:50:33Z",
            "description": "",
            "folder_id": "b1gce1db088f5cdfhkht",
            "id": "enp6bt2d2olbvdst618d",
            "labels": null,
            "name": "react-target-group",
            "region_id": "ru-central1",
            "target": [
              {
                "address": "10.0.0.12",
                "subnet_id": "e9bf06191vhmv84ffu79"
              },
              {
                "address": "10.0.0.13",
                "subnet_id": "e9bf06191vhmv84ffu79"
              }
            ],
            "target_group_id": "enp6bt2d2olbvdst618d",
            "timeouts": null
          },
          "sensitive_attributes": [],
          "identity_schema_version": 0,
          "dependencies": [
            "data.yandex_compute_image.ubuntu",
            "yandex_compute_instance.app1",
            "yandex_compute_instance.app2",
            "yandex_vpc_network.net",
            "yandex_vpc_security_group.sg",
            "yandex_vpc_subnet.subnet_public"
          ]
        }
      ]
    },
    {
      "mode": "managed",
      "type": "yandex_vpc_network",
      "name": "net",
      "provider": "provider[\"registry.terraform.io/yandex-cloud/yandex\"]",
      "instances": [
        {
          "schema_version": 0,
          "attributes": {
            "created_at": "2025-12-16T22:46:51Z",
            "default_security_group_id": "enpajovpu3rman7sgbva",
            "description": "",
            "folder_id": "b1gce1db088f5cdfhkht",
            "id": "enpb8ctmia9scaq0msk7",
            "labels": {},
            "name": "net-min",
            "subnet_ids": [
              "e9bf06191vhmv84ffu79"
            ],
            "timeouts": null
          },
          "sensitive_attributes": [],
          "identity_schema_version": 0,
          "private": "eyJlMmJmYjczMC1lY2FhLTExZTYtOGY4OC0zNDM2M2JjN2M0YzAiOnsiY3JlYXRlIjo2MDAwMDAwMDAwMCwiZGVsZXRlIjo2MDAwMDAwMDAwMCwidXBkYXRlIjo2MDAwMDAwMDAwMH19"
        }
      ]
    },
    {
      "mode": "managed",
      "type": "yandex_vpc_security_group",
      "name": "sg",
      "provider": "provider[\"registry.terraform.io/yandex-cloud/yandex\"]",
      "instances": [
        {
          "schema_version": 0,
          "attributes": {
            "created_at": "2025-12-16T22:46:55Z",
            "description": "",
            "egress": [
              {
                "description": "",
                "from_port": 0,
                "id": "enp73q4uad1r5djm7lqv",
                "labels": {},
                "port": -1,
                "predefined_target": "",
                "protocol": "ANY",
                "security_group_id": "",
                "to_port": 65535,
                "v4_cidr_blocks": [
                  "0.0.0.0/0"
                ],
                "v6_cidr_blocks": []
              }
            ],
            "folder_id": "b1gce1db088f5cdfhkht",
            "id": "enpprmhsm4ebjlpt7h6r",
            "ingress": [
              {
                "description": "",
                "from_port": -1,
                "id": "enpgem06mabqgc28og75",
                "labels": {},
                "port": 80,
                "predefined_target": "",
                "protocol": "TCP",
                "security_group_id": "",
                "to_port": -1,
                "v4_cidr_blocks": [
                  "0.0.0.0/0"
                ],
                "v6_cidr_blocks": []
              },
              {
                "description": "",
                "from_port": -1,
                "id": "enpmbq0huertv5orsl7m",
                "labels": {},
                "port": 3000,
                "predefined_target": "",
                "protocol": "TCP",
                "security_group_id": "",
                "to_port": -1,
                "v4_cidr_blocks": [
                  "0.0.0.0/0"
                ],
                "v6_cidr_blocks": []
              },
              {
                "description": "",
                "from_port": -1,
                "id": "enpotqfdu9227icb96re",
                "labels": {},
                "port": 22,
                "predefined_target": "",
                "protocol": "TCP",
                "security_group_id": "",
                "to_port": -1,
                "v4_cidr_blocks": [
                  "0.0.0.0/0"
                ],
                "v6_cidr_blocks": []
              }
            ],
            "labels": {},
            "name": "sg-web",
            "network_id": "enpb8ctmia9scaq0msk7",
            "status": "ACTIVE",
            "timeouts": null
          },
          "sensitive_attributes": [],
          "identity_schema_version": 0,
          "private": "eyJlMmJmYjczMC1lY2FhLTExZTYtOGY4OC0zNDM2M2JjN2M0YzAiOnsiY3JlYXRlIjoxODAwMDAwMDAwMDAsImRlbGV0ZSI6MTgwMDAwMDAwMDAwLCJ1cGRhdGUiOjE4MDAwMDAwMDAwMH19",
          "dependencies": [
            "yandex_vpc_network.net"
          ]
        }
      ]
    },
    {
      "mode": "managed",
      "type": "yandex_vpc_subnet",
      "name": "subnet_public",
      "provider": "provider[\"registry.terraform.io/yandex-cloud/yandex\"]",
      "instances": [
        {
          "schema_version": 0,
          "attributes": {
            "created_at": "2025-12-16T22:46:54Z",
            "description": "",
            "dhcp_options": [],
            "folder_id": "b1gce1db088f5cdfhkht",
            "id": "e9bf06191vhmv84ffu79",
            "labels": {},
            "name": "subnet-public",
            "network_id": "enpb8ctmia9scaq0msk7",
            "route_table_id": "",
            "timeouts": null,
            "v4_cidr_blocks": [
              "10.0.0.0/24"
            ],
            "v6_cidr_blocks": [],
            "zone": "ru-central1-a"
          },
          "sensitive_attributes": [],
          "identity_schema_version": 0,
          "private": "eyJlMmJmYjczMC1lY2FhLTExZTYtOGY4OC0zNDM2M2JjN2M0YzAiOnsiY3JlYXRlIjoxODAwMDAwMDAwMDAsImRlbGV0ZSI6MTgwMDAwMDAwMDAwLCJ1cGRhdGUiOjE4MDAwMDAwMDAwMH19",
          "dependencies": [
            "yandex_vpc_network.net"
          ]
        }
      ]
    }
  ],
  "check_results": null
}
